
Microsoft Visual Studio Solution File, Format Version 12.00
# Visual Studio Version 17
VisualStudioVersion = 17.9.34723.18
MinimumVisualStudioVersion = 10.0.40219.1
Project("{FAE04EC0-301F-11D3-BF4B-00C04F79EFBC}") = "ContactAppUI", "ContactAppUI\ContactAppUI.csproj", "{F89BEA33-A9DD-49F3-B54E-811E2CD19FB2}"
EndProject
Project("{FAE04EC0-301F-11D3-BF4B-00C04F79EFBC}") = "ContactApp", "ContactApp\ContactApp.csproj", "{3E9C495B-94C3-49FF-9923-61C6B0A3BA81}"
EndProject
Global
	GlobalSection(SolutionConfigurationPlatforms) = preSolution
		Debug|Any CPU = Debug|Any CPU
		Release|Any CPU = Release|Any CPU
	EndGlobalSection
	GlobalSection(ProjectConfigurationPlatforms) = postSolution
		{F89BEA33-A9DD-49F3-B54E-811E2CD19FB2}.Debug|Any CPU.ActiveCfg = Debug|Any CPU
		{F89BEA33-A9DD-49F3-B54E-811E2CD19FB2}.Debug|Any CPU.Build.0 = Debug|Any CPU
		{F89BEA33-A9DD-49F3-B54E-811E2CD19FB2}.Release|Any CPU.ActiveCfg = Release|Any CPU
		{F89BEA33-A9DD-49F3-B54E-811E2CD19FB2}.Release|Any CPU.Build.0 = Release|Any CPU
		{3E9C495B-94C3-49FF-9923-61C6B0A3BA81}.Debug|Any CPU.ActiveCfg = Debug|Any CPU
		{3E9C495B-94C3-49FF-9923-61C6B0A3BA81}.Debug|Any CPU.Build.0 = Debug|Any CPU
		{3E9C495B-94C3-49FF-9923-61C6B0A3BA81}.Release|Any CPU.ActiveCfg = Release|Any CPU
		{3E9C495B-94C3-49FF-9923-61C6B0A3BA81}.Release|Any CPU.Build.0 = Release|Any CPU
	EndGlobalSection
	GlobalSection(SolutionProperties) = preSolution
		HideSolutionNode = FALSE
	EndGlobalSection
	GlobalSection(ExtensibilityGlobals) = postSolution
		SolutionGuid = {FEA02625-5209-423A-B1E6-BF44578E6FA2}
	EndGlobalSection
EndGlobal
